// !$*UTF8*$!
{
	archiveVersion = 1;
	classes = {
	};
	objectVersion = 51;
	objects = {

/* Begin PBXBuildFile section */
		0BDABD98BF0F27DC50D37286 /* Pods_sage9to5_Tests_sage9to5Tests.framework in Frameworks */ = {isa = PBXBuildFile; fileRef = 3ABC5B4B9E96C070761494F2 /* Pods_sage9to5_Tests_sage9to5Tests.framework */; };
		398C144FBD5ACABE8D9322CF /* Pods-sage9to5-Tests-sage9to5Tests-settings-metadata.plist in Resources */ = {isa = PBXBuildFile; fileRef = E870761D1D5742D9A9762181 /* Pods-sage9to5-Tests-sage9to5Tests-settings-metadata.plist */; };
		576BF08883BB6BD9F1B0DA0C /* Pods-sage9to5-Tests-sage9to5Tests-metadata.plist in Resources */ = {isa = PBXBuildFile; fileRef = FC3063C8E4E06CF77248074B /* Pods-sage9to5-Tests-sage9to5Tests-metadata.plist */; };
		78C942803877F7F49A716DCF /* Pods-sage9to5-settings-metadata.plist in Resources */ = {isa = PBXBuildFile; fileRef = BD2136CAE136199737C7005C /* Pods-sage9to5-settings-metadata.plist */; };
		8987C7DF744E3DFEF0A5EF0F /* Pods-sage9to5-metadata.plist in Resources */ = {isa = PBXBuildFile; fileRef = D1C65DE02A2C666628E5CE7D /* Pods-sage9to5-metadata.plist */; };
		99E19A61BE8CD873B691F937 /* Pods_sage9to5.framework in Frameworks */ = {isa = PBXBuildFile; fileRef = 31390EA162A25A906B2006EC /* Pods_sage9to5.framework */; };
		A65113AC2CCDCF6387F4F119 /* Pods_sage9to5_sage9to5Tests.framework in Frameworks */ = {isa = PBXBuildFile; fileRef = 3D17743688E6BAF9E1AE85B1 /* Pods_sage9to5_sage9to5Tests.framework */; };
		AF0A0737226910CE0080316E /* AppDelegate.swift in Sources */ = {isa = PBXBuildFile; fileRef = AF0A0736226910CE0080316E /* AppDelegate.swift */; };
		AF0A073C226910CE0080316E /* Main.storyboard in Resources */ = {isa = PBXBuildFile; fileRef = AF0A073A226910CE0080316E /* Main.storyboard */; };
		AF0A073E226910CE0080316E /* Assets.xcassets in Resources */ = {isa = PBXBuildFile; fileRef = AF0A073D226910CE0080316E /* Assets.xcassets */; };
		AF0A0741226910CE0080316E /* LaunchScreen.storyboard in Resources */ = {isa = PBXBuildFile; fileRef = AF0A073F226910CE0080316E /* LaunchScreen.storyboard */; };
		AF1CFF04226DD3B8009930D4 /* MainTableViewController.swift in Sources */ = {isa = PBXBuildFile; fileRef = AF1CFF03226DD3B8009930D4 /* MainTableViewController.swift */; };
		AF277B4F2269E6190019804C /* Sage9to5Tests.swift in Sources */ = {isa = PBXBuildFile; fileRef = AF277B4E2269E6190019804C /* Sage9to5Tests.swift */; };
		AF277B572269E9C10019804C /* sage9to5Spec.swift in Sources */ = {isa = PBXBuildFile; fileRef = AF277B562269E9C10019804C /* sage9to5Spec.swift */; };
		AF442451226CF4BE0001A392 /* About.storyboard in Resources */ = {isa = PBXBuildFile; fileRef = AF442450226CF4BE0001A392 /* About.storyboard */; };
		AF8D6F5822736D7F0044D2E7 /* WebKit.framework in Frameworks */ = {isa = PBXBuildFile; fileRef = AF8D6F5722736D7E0044D2E7 /* WebKit.framework */; };
		AF8D6F5E2276EF280044D2E7 /* OnboardingViewController.swift in Sources */ = {isa = PBXBuildFile; fileRef = AF8D6F5D2276EF280044D2E7 /* OnboardingViewController.swift */; };
		AFD2C87C226919F600DD2E3B /* Settings.bundle in Resources */ = {isa = PBXBuildFile; fileRef = AFD2C87B226919F600DD2E3B /* Settings.bundle */; };
		C2DC0C1064B9F283BB825982 /* Pods-sage9to5-sage9to5Tests-settings-metadata.plist in Resources */ = {isa = PBXBuildFile; fileRef = 1CA00F1B3D8F858D0C1F397F /* Pods-sage9to5-sage9to5Tests-settings-metadata.plist */; };
		E24FC11972D9CBEEF7407121 /* Pods-sage9to5-sage9to5Tests-metadata.plist in Resources */ = {isa = PBXBuildFile; fileRef = 98BEFC78E4201D774A1604E9 /* Pods-sage9to5-sage9to5Tests-metadata.plist */; };
/* End PBXBuildFile section */

/* Begin PBXContainerItemProxy section */
		AF277B512269E6190019804C /* PBXContainerItemProxy */ = {
			isa = PBXContainerItemProxy;
			containerPortal = AF0A072B226910CE0080316E /* Project object */;
			proxyType = 1;
			remoteGlobalIDString = AF0A0732226910CE0080316E;
			remoteInfo = sage9to5;
		};
/* End PBXContainerItemProxy section */

/* Begin PBXFileReference section */
		1CA00F1B3D8F858D0C1F397F /* Pods-sage9to5-sage9to5Tests-settings-metadata.plist */ = {isa = PBXFileReference; includeInIndex = 1; lastKnownFileType = text.plist.xml; name = "Pods-sage9to5-sage9to5Tests-settings-metadata.plist"; path = "../sage9to5/Settings.bundle/Pods-sage9to5-sage9to5Tests-settings-metadata.plist"; sourceTree = "<group>"; };
		31390EA162A25A906B2006EC /* Pods_sage9to5.framework */ = {isa = PBXFileReference; explicitFileType = wrapper.framework; includeInIndex = 0; path = Pods_sage9to5.framework; sourceTree = BUILT_PRODUCTS_DIR; };
		3ABC5B4B9E96C070761494F2 /* Pods_sage9to5_Tests_sage9to5Tests.framework */ = {isa = PBXFileReference; explicitFileType = wrapper.framework; includeInIndex = 0; path = Pods_sage9to5_Tests_sage9to5Tests.framework; sourceTree = BUILT_PRODUCTS_DIR; };
		3D17743688E6BAF9E1AE85B1 /* Pods_sage9to5_sage9to5Tests.framework */ = {isa = PBXFileReference; explicitFileType = wrapper.framework; includeInIndex = 0; path = Pods_sage9to5_sage9to5Tests.framework; sourceTree = BUILT_PRODUCTS_DIR; };
		6F8DF72A2F0C4C4229A86AF5 /* Pods-sage9to5-sage9to5Tests.debug.xcconfig */ = {isa = PBXFileReference; includeInIndex = 1; lastKnownFileType = text.xcconfig; name = "Pods-sage9to5-sage9to5Tests.debug.xcconfig"; path = "Target Support Files/Pods-sage9to5-sage9to5Tests/Pods-sage9to5-sage9to5Tests.debug.xcconfig"; sourceTree = "<group>"; };
		730396593A1C1A706D9FD16A /* Pods-sage9to5-Tests-sage9to5Tests.release.xcconfig */ = {isa = PBXFileReference; includeInIndex = 1; lastKnownFileType = text.xcconfig; name = "Pods-sage9to5-Tests-sage9to5Tests.release.xcconfig"; path = "Target Support Files/Pods-sage9to5-Tests-sage9to5Tests/Pods-sage9to5-Tests-sage9to5Tests.release.xcconfig"; sourceTree = "<group>"; };
		865880A652BCD9E83D1BAACC /* Pods-sage9to5.release.xcconfig */ = {isa = PBXFileReference; includeInIndex = 1; lastKnownFileType = text.xcconfig; name = "Pods-sage9to5.release.xcconfig"; path = "Target Support Files/Pods-sage9to5/Pods-sage9to5.release.xcconfig"; sourceTree = "<group>"; };
		926C59366C2850B230A0D510 /* Pods-sage9to5-Tests-sage9to5Tests.debug.xcconfig */ = {isa = PBXFileReference; includeInIndex = 1; lastKnownFileType = text.xcconfig; name = "Pods-sage9to5-Tests-sage9to5Tests.debug.xcconfig"; path = "Target Support Files/Pods-sage9to5-Tests-sage9to5Tests/Pods-sage9to5-Tests-sage9to5Tests.debug.xcconfig"; sourceTree = "<group>"; };
		98BEFC78E4201D774A1604E9 /* Pods-sage9to5-sage9to5Tests-metadata.plist */ = {isa = PBXFileReference; includeInIndex = 1; lastKnownFileType = text.plist.xml; path = "Pods-sage9to5-sage9to5Tests-metadata.plist"; sourceTree = "<group>"; };
		AF0A0733226910CE0080316E /* Sage 9to5.app */ = {isa = PBXFileReference; explicitFileType = wrapper.application; includeInIndex = 0; path = "Sage 9to5.app"; sourceTree = BUILT_PRODUCTS_DIR; };
		AF0A0736226910CE0080316E /* AppDelegate.swift */ = {isa = PBXFileReference; lastKnownFileType = sourcecode.swift; path = AppDelegate.swift; sourceTree = "<group>"; };
		AF0A073B226910CE0080316E /* Base */ = {isa = PBXFileReference; lastKnownFileType = file.storyboard; name = Base; path = Base.lproj/Main.storyboard; sourceTree = "<group>"; };
		AF0A073D226910CE0080316E /* Assets.xcassets */ = {isa = PBXFileReference; lastKnownFileType = folder.assetcatalog; path = Assets.xcassets; sourceTree = "<group>"; };
		AF0A0740226910CE0080316E /* Base */ = {isa = PBXFileReference; lastKnownFileType = file.storyboard; name = Base; path = Base.lproj/LaunchScreen.storyboard; sourceTree = "<group>"; };
		AF0A0742226910CE0080316E /* Info.plist */ = {isa = PBXFileReference; lastKnownFileType = text.plist.xml; path = Info.plist; sourceTree = "<group>"; };
		AF1CFF03226DD3B8009930D4 /* MainTableViewController.swift */ = {isa = PBXFileReference; lastKnownFileType = sourcecode.swift; path = MainTableViewController.swift; sourceTree = "<group>"; };
		AF277B4C2269E6190019804C /* sage9to5Tests.xctest */ = {isa = PBXFileReference; explicitFileType = wrapper.cfbundle; includeInIndex = 0; path = sage9to5Tests.xctest; sourceTree = BUILT_PRODUCTS_DIR; };
		AF277B4E2269E6190019804C /* Sage9to5Tests.swift */ = {isa = PBXFileReference; lastKnownFileType = sourcecode.swift; path = Sage9to5Tests.swift; sourceTree = "<group>"; };
		AF277B502269E6190019804C /* Info.plist */ = {isa = PBXFileReference; lastKnownFileType = text.plist.xml; path = Info.plist; sourceTree = "<group>"; };
		AF277B562269E9C10019804C /* sage9to5Spec.swift */ = {isa = PBXFileReference; lastKnownFileType = sourcecode.swift; path = sage9to5Spec.swift; sourceTree = "<group>"; };
		AF442450226CF4BE0001A392 /* About.storyboard */ = {isa = PBXFileReference; fileEncoding = 4; lastKnownFileType = file.storyboard; path = About.storyboard; sourceTree = "<group>"; };
		AF8D6F5722736D7E0044D2E7 /* WebKit.framework */ = {isa = PBXFileReference; lastKnownFileType = wrapper.framework; name = WebKit.framework; path = System/Library/Frameworks/WebKit.framework; sourceTree = SDKROOT; };
		AF8D6F5D2276EF280044D2E7 /* OnboardingViewController.swift */ = {isa = PBXFileReference; lastKnownFileType = sourcecode.swift; path = OnboardingViewController.swift; sourceTree = "<group>"; };
		AFD2C877226914E900DD2E3B /* de */ = {isa = PBXFileReference; lastKnownFileType = text.plist.strings; name = de; path = de.lproj/Main.strings; sourceTree = "<group>"; };
		AFD2C87B226919F600DD2E3B /* Settings.bundle */ = {isa = PBXFileReference; lastKnownFileType = "wrapper.plug-in"; path = Settings.bundle; sourceTree = "<group>"; };
		BD2136CAE136199737C7005C /* Pods-sage9to5-settings-metadata.plist */ = {isa = PBXFileReference; includeInIndex = 1; lastKnownFileType = text.plist.xml; name = "Pods-sage9to5-settings-metadata.plist"; path = "../sage9to5/Settings.bundle/Pods-sage9to5-settings-metadata.plist"; sourceTree = "<group>"; };
		D1C65DE02A2C666628E5CE7D /* Pods-sage9to5-metadata.plist */ = {isa = PBXFileReference; includeInIndex = 1; lastKnownFileType = text.plist.xml; path = "Pods-sage9to5-metadata.plist"; sourceTree = "<group>"; };
		E870761D1D5742D9A9762181 /* Pods-sage9to5-Tests-sage9to5Tests-settings-metadata.plist */ = {isa = PBXFileReference; includeInIndex = 1; lastKnownFileType = text.plist.xml; name = "Pods-sage9to5-Tests-sage9to5Tests-settings-metadata.plist"; path = "../sage9to5/Settings.bundle/Pods-sage9to5-Tests-sage9to5Tests-settings-metadata.plist"; sourceTree = "<group>"; };
		ED6277D1F2E0D833C465B883 /* Pods-sage9to5-sage9to5Tests.release.xcconfig */ = {isa = PBXFileReference; includeInIndex = 1; lastKnownFileType = text.xcconfig; name = "Pods-sage9to5-sage9to5Tests.release.xcconfig"; path = "Target Support Files/Pods-sage9to5-sage9to5Tests/Pods-sage9to5-sage9to5Tests.release.xcconfig"; sourceTree = "<group>"; };
		FC3063C8E4E06CF77248074B /* Pods-sage9to5-Tests-sage9to5Tests-metadata.plist */ = {isa = PBXFileReference; includeInIndex = 1; lastKnownFileType = text.plist.xml; path = "Pods-sage9to5-Tests-sage9to5Tests-metadata.plist"; sourceTree = "<group>"; };
		FF898F8D8FDC5EF9F161A289 /* Pods-sage9to5.debug.xcconfig */ = {isa = PBXFileReference; includeInIndex = 1; lastKnownFileType = text.xcconfig; name = "Pods-sage9to5.debug.xcconfig"; path = "Target Support Files/Pods-sage9to5/Pods-sage9to5.debug.xcconfig"; sourceTree = "<group>"; };
/* End PBXFileReference section */

/* Begin PBXFrameworksBuildPhase section */
		AF0A0730226910CE0080316E /* Frameworks */ = {
			isa = PBXFrameworksBuildPhase;
			buildActionMask = 2147483647;
			files = (
				AF8D6F5822736D7F0044D2E7 /* WebKit.framework in Frameworks */,
				99E19A61BE8CD873B691F937 /* Pods_sage9to5.framework in Frameworks */,
			);
			runOnlyForDeploymentPostprocessing = 0;
		};
		AF277B492269E6190019804C /* Frameworks */ = {
			isa = PBXFrameworksBuildPhase;
			buildActionMask = 2147483647;
			files = (
				0BDABD98BF0F27DC50D37286 /* Pods_sage9to5_Tests_sage9to5Tests.framework in Frameworks */,
				A65113AC2CCDCF6387F4F119 /* Pods_sage9to5_sage9to5Tests.framework in Frameworks */,
			);
			runOnlyForDeploymentPostprocessing = 0;
		};
/* End PBXFrameworksBuildPhase section */

/* Begin PBXGroup section */
		277019A691FA0E0C3DD3E77F /* Frameworks */ = {
			isa = PBXGroup;
			children = (
				AF8D6F5722736D7E0044D2E7 /* WebKit.framework */,
				31390EA162A25A906B2006EC /* Pods_sage9to5.framework */,
				3ABC5B4B9E96C070761494F2 /* Pods_sage9to5_Tests_sage9to5Tests.framework */,
				3D17743688E6BAF9E1AE85B1 /* Pods_sage9to5_sage9to5Tests.framework */,
			);
			name = Frameworks;
			sourceTree = "<group>";
		};
		AF0A072A226910CE0080316E = {
			isa = PBXGroup;
			children = (
				AF0A0735226910CE0080316E /* sage9to5 */,
				AF277B4D2269E6190019804C /* sage9to5Tests */,
				AF0A0734226910CE0080316E /* Products */,
				ECC6F1E122E9AF96F2CDE8EA /* Pods */,
				277019A691FA0E0C3DD3E77F /* Frameworks */,
			);
			indentWidth = 2;
			sourceTree = "<group>";
			tabWidth = 2;
		};
		AF0A0734226910CE0080316E /* Products */ = {
			isa = PBXGroup;
			children = (
				AF0A0733226910CE0080316E /* Sage 9to5.app */,
				AF277B4C2269E6190019804C /* sage9to5Tests.xctest */,
			);
			name = Products;
			sourceTree = "<group>";
		};
		AF0A0735226910CE0080316E /* sage9to5 */ = {
			isa = PBXGroup;
			children = (
				AF442450226CF4BE0001A392 /* About.storyboard */,
				AF0A0736226910CE0080316E /* AppDelegate.swift */,
				AF0A073D226910CE0080316E /* Assets.xcassets */,
				AF0A0742226910CE0080316E /* Info.plist */,
				AF0A073F226910CE0080316E /* LaunchScreen.storyboard */,
				AF0A073A226910CE0080316E /* Main.storyboard */,
				AF1CFF03226DD3B8009930D4 /* MainTableViewController.swift */,
				AF8D6F5D2276EF280044D2E7 /* OnboardingViewController.swift */,
				AFD2C87B226919F600DD2E3B /* Settings.bundle */,
			);
			path = sage9to5;
			sourceTree = "<group>";
		};
		AF277B4D2269E6190019804C /* sage9to5Tests */ = {
			isa = PBXGroup;
			children = (
				AF277B4E2269E6190019804C /* Sage9to5Tests.swift */,
				AF277B502269E6190019804C /* Info.plist */,
				AF277B562269E9C10019804C /* sage9to5Spec.swift */,
			);
			path = sage9to5Tests;
			sourceTree = "<group>";
		};
		ECC6F1E122E9AF96F2CDE8EA /* Pods */ = {
			isa = PBXGroup;
			children = (
				FF898F8D8FDC5EF9F161A289 /* Pods-sage9to5.debug.xcconfig */,
				865880A652BCD9E83D1BAACC /* Pods-sage9to5.release.xcconfig */,
				D1C65DE02A2C666628E5CE7D /* Pods-sage9to5-metadata.plist */,
				BD2136CAE136199737C7005C /* Pods-sage9to5-settings-metadata.plist */,
				926C59366C2850B230A0D510 /* Pods-sage9to5-Tests-sage9to5Tests.debug.xcconfig */,
				730396593A1C1A706D9FD16A /* Pods-sage9to5-Tests-sage9to5Tests.release.xcconfig */,
				FC3063C8E4E06CF77248074B /* Pods-sage9to5-Tests-sage9to5Tests-metadata.plist */,
				E870761D1D5742D9A9762181 /* Pods-sage9to5-Tests-sage9to5Tests-settings-metadata.plist */,
				6F8DF72A2F0C4C4229A86AF5 /* Pods-sage9to5-sage9to5Tests.debug.xcconfig */,
				ED6277D1F2E0D833C465B883 /* Pods-sage9to5-sage9to5Tests.release.xcconfig */,
				98BEFC78E4201D774A1604E9 /* Pods-sage9to5-sage9to5Tests-metadata.plist */,
				1CA00F1B3D8F858D0C1F397F /* Pods-sage9to5-sage9to5Tests-settings-metadata.plist */,
			);
			path = Pods;
			sourceTree = "<group>";
		};
/* End PBXGroup section */

/* Begin PBXNativeTarget section */
		AF0A0732226910CE0080316E /* sage9to5 */ = {
			isa = PBXNativeTarget;
			buildConfigurationList = AF0A0745226910CE0080316E /* Build configuration list for PBXNativeTarget "sage9to5" */;
			buildPhases = (
				5A8DDE2F4F927D6D01598EE9 /* [CP] Check Pods Manifest.lock */,
				AF0A072F226910CE0080316E /* Sources */,
				AF0A0730226910CE0080316E /* Frameworks */,
				AF0A0731226910CE0080316E /* Resources */,
				AFD2C880226932A800DD2E3B /* Run Script - SwiftLint */,
				AF9EEC0A2269CDC200371BAF /* Run Script - App Version to Settings.bundle */,
			);
			buildRules = (
			);
			dependencies = (
			);
			name = sage9to5;
			productName = sage9to5;
			productReference = AF0A0733226910CE0080316E /* Sage 9to5.app */;
			productType = "com.apple.product-type.application";
		};
		AF277B4B2269E6190019804C /* sage9to5Tests */ = {
			isa = PBXNativeTarget;
			buildConfigurationList = AF277B532269E6190019804C /* Build configuration list for PBXNativeTarget "sage9to5Tests" */;
			buildPhases = (
				581FE3AB2DC0F09E2704873A /* [CP] Check Pods Manifest.lock */,
				AF277B482269E6190019804C /* Sources */,
				AF277B492269E6190019804C /* Frameworks */,
				AF277B4A2269E6190019804C /* Resources */,
				DE0898F9F701D076C2F92DAC /* [CP] Embed Pods Frameworks */,
			);
			buildRules = (
			);
			dependencies = (
				AF277B522269E6190019804C /* PBXTargetDependency */,
			);
			name = sage9to5Tests;
			productName = sage9to5Tests;
			productReference = AF277B4C2269E6190019804C /* sage9to5Tests.xctest */;
			productType = "com.apple.product-type.bundle.unit-test";
		};
/* End PBXNativeTarget section */

/* Begin PBXProject section */
		AF0A072B226910CE0080316E /* Project object */ = {
			isa = PBXProject;
			attributes = {
				LastSwiftUpdateCheck = 1020;
				LastUpgradeCheck = 1320;
				ORGANIZATIONNAME = Fischgruppe;
				TargetAttributes = {
					AF0A0732226910CE0080316E = {
						CreatedOnToolsVersion = 10.2.1;
						SystemCapabilities = {
							com.apple.SafariKeychain = {
								enabled = 0;
							};
						};
					};
					AF277B4B2269E6190019804C = {
						CreatedOnToolsVersion = 10.2.1;
						TestTargetID = AF0A0732226910CE0080316E;
					};
				};
			};
			buildConfigurationList = AF0A072E226910CE0080316E /* Build configuration list for PBXProject "sage9to5" */;
			compatibilityVersion = "Xcode 10.0";
			developmentRegion = en;
			hasScannedForEncodings = 0;
			knownRegions = (
				en,
				Base,
				de,
			);
			mainGroup = AF0A072A226910CE0080316E;
			productRefGroup = AF0A0734226910CE0080316E /* Products */;
			projectDirPath = "";
			projectRoot = "";
			targets = (
				AF0A0732226910CE0080316E /* sage9to5 */,
				AF277B4B2269E6190019804C /* sage9to5Tests */,
			);
		};
/* End PBXProject section */

/* Begin PBXResourcesBuildPhase section */
		AF0A0731226910CE0080316E /* Resources */ = {
			isa = PBXResourcesBuildPhase;
			buildActionMask = 2147483647;
			files = (
				AFD2C87C226919F600DD2E3B /* Settings.bundle in Resources */,
				AF442451226CF4BE0001A392 /* About.storyboard in Resources */,
				AF0A0741226910CE0080316E /* LaunchScreen.storyboard in Resources */,
				AF0A073E226910CE0080316E /* Assets.xcassets in Resources */,
				AF0A073C226910CE0080316E /* Main.storyboard in Resources */,
				8987C7DF744E3DFEF0A5EF0F /* Pods-sage9to5-metadata.plist in Resources */,
				78C942803877F7F49A716DCF /* Pods-sage9to5-settings-metadata.plist in Resources */,
			);
			runOnlyForDeploymentPostprocessing = 0;
		};
		AF277B4A2269E6190019804C /* Resources */ = {
			isa = PBXResourcesBuildPhase;
			buildActionMask = 2147483647;
			files = (
				576BF08883BB6BD9F1B0DA0C /* Pods-sage9to5-Tests-sage9to5Tests-metadata.plist in Resources */,
				398C144FBD5ACABE8D9322CF /* Pods-sage9to5-Tests-sage9to5Tests-settings-metadata.plist in Resources */,
				E24FC11972D9CBEEF7407121 /* Pods-sage9to5-sage9to5Tests-metadata.plist in Resources */,
				C2DC0C1064B9F283BB825982 /* Pods-sage9to5-sage9to5Tests-settings-metadata.plist in Resources */,
			);
			runOnlyForDeploymentPostprocessing = 0;
		};
/* End PBXResourcesBuildPhase section */

/* Begin PBXShellScriptBuildPhase section */
		581FE3AB2DC0F09E2704873A /* [CP] Check Pods Manifest.lock */ = {
			isa = PBXShellScriptBuildPhase;
			buildActionMask = 2147483647;
			files = (
			);
			inputFileListPaths = (
			);
			inputPaths = (
				"${PODS_PODFILE_DIR_PATH}/Podfile.lock",
				"${PODS_ROOT}/Manifest.lock",
			);
			name = "[CP] Check Pods Manifest.lock";
			outputFileListPaths = (
			);
			outputPaths = (
				"$(DERIVED_FILE_DIR)/Pods-sage9to5-sage9to5Tests-checkManifestLockResult.txt",
			);
			runOnlyForDeploymentPostprocessing = 0;
			shellPath = /bin/sh;
			shellScript = "diff \"${PODS_PODFILE_DIR_PATH}/Podfile.lock\" \"${PODS_ROOT}/Manifest.lock\" > /dev/null\nif [ $? != 0 ] ; then\n    # print error to STDERR\n    echo \"error: The sandbox is not in sync with the Podfile.lock. Run 'pod install' or update your CocoaPods installation.\" >&2\n    exit 1\nfi\n# This output is used by Xcode 'outputs' to avoid re-running this script phase.\necho \"SUCCESS\" > \"${SCRIPT_OUTPUT_FILE_0}\"\n";
			showEnvVarsInLog = 0;
		};
		5A8DDE2F4F927D6D01598EE9 /* [CP] Check Pods Manifest.lock */ = {
			isa = PBXShellScriptBuildPhase;
			buildActionMask = 2147483647;
			files = (
			);
			inputFileListPaths = (
			);
			inputPaths = (
				"${PODS_PODFILE_DIR_PATH}/Podfile.lock",
				"${PODS_ROOT}/Manifest.lock",
			);
			name = "[CP] Check Pods Manifest.lock";
			outputFileListPaths = (
			);
			outputPaths = (
				"$(DERIVED_FILE_DIR)/Pods-sage9to5-checkManifestLockResult.txt",
			);
			runOnlyForDeploymentPostprocessing = 0;
			shellPath = /bin/sh;
			shellScript = "diff \"${PODS_PODFILE_DIR_PATH}/Podfile.lock\" \"${PODS_ROOT}/Manifest.lock\" > /dev/null\nif [ $? != 0 ] ; then\n    # print error to STDERR\n    echo \"error: The sandbox is not in sync with the Podfile.lock. Run 'pod install' or update your CocoaPods installation.\" >&2\n    exit 1\nfi\n# This output is used by Xcode 'outputs' to avoid re-running this script phase.\necho \"SUCCESS\" > \"${SCRIPT_OUTPUT_FILE_0}\"\n";
			showEnvVarsInLog = 0;
		};
		AF9EEC0A2269CDC200371BAF /* Run Script - App Version to Settings.bundle */ = {
			isa = PBXShellScriptBuildPhase;
			buildActionMask = 2147483647;
			files = (
			);
			inputFileListPaths = (
			);
			inputPaths = (
			);
			name = "Run Script - App Version to Settings.bundle";
			outputFileListPaths = (
			);
			outputPaths = (
			);
			runOnlyForDeploymentPostprocessing = 0;
			shellPath = /bin/sh;
			shellScript = "version=$(/usr/libexec/PlistBuddy -c \"Print CFBundleShortVersionString\" \"$PROJECT_DIR/$INFOPLIST_FILE\")\nbuild=$(/usr/libexec/PlistBuddy -c \"Print CFBundleVersion\" \"$PROJECT_DIR/$INFOPLIST_FILE\")\n/usr/libexec/PlistBuddy -c \"Set PreferenceSpecifiers:8:DefaultValue $version ($build)\" \"$CODESIGNING_FOLDER_PATH/Settings.bundle/Root.plist\"\n";
		};
		AFD2C880226932A800DD2E3B /* Run Script - SwiftLint */ = {
			isa = PBXShellScriptBuildPhase;
			buildActionMask = 2147483647;
			files = (
			);
			inputFileListPaths = (
			);
			inputPaths = (
			);
			name = "Run Script - SwiftLint";
			outputFileListPaths = (
			);
			outputPaths = (
			);
			runOnlyForDeploymentPostprocessing = 0;
			shellPath = /bin/sh;
			shellScript = "\"${PODS_ROOT}/SwiftLint/swiftlint\"\n";
		};
		DE0898F9F701D076C2F92DAC /* [CP] Embed Pods Frameworks */ = {
			isa = PBXShellScriptBuildPhase;
			buildActionMask = 2147483647;
			files = (
			);
			inputFileListPaths = (
			);
			inputPaths = (
				"${PODS_ROOT}/Target Support Files/Pods-sage9to5-sage9to5Tests/Pods-sage9to5-sage9to5Tests-frameworks.sh",
				"${BUILT_PRODUCTS_DIR}/Nimble/Nimble.framework",
				"${BUILT_PRODUCTS_DIR}/Quick/Quick.framework",
			);
			name = "[CP] Embed Pods Frameworks";
			outputFileListPaths = (
			);
			outputPaths = (
				"${TARGET_BUILD_DIR}/${FRAMEWORKS_FOLDER_PATH}/Nimble.framework",
				"${TARGET_BUILD_DIR}/${FRAMEWORKS_FOLDER_PATH}/Quick.framework",
			);
			runOnlyForDeploymentPostprocessing = 0;
			shellPath = /bin/sh;
			shellScript = "\"${PODS_ROOT}/Target Support Files/Pods-sage9to5-sage9to5Tests/Pods-sage9to5-sage9to5Tests-frameworks.sh\"\n";
			showEnvVarsInLog = 0;
		};
/* End PBXShellScriptBuildPhase section */

/* Begin PBXSourcesBuildPhase section */
		AF0A072F226910CE0080316E /* Sources */ = {
			isa = PBXSourcesBuildPhase;
			buildActionMask = 2147483647;
			files = (
				AF1CFF04226DD3B8009930D4 /* MainTableViewController.swift in Sources */,
				AF8D6F5E2276EF280044D2E7 /* OnboardingViewController.swift in Sources */,
				AF0A0737226910CE0080316E /* AppDelegate.swift in Sources */,
			);
			runOnlyForDeploymentPostprocessing = 0;
		};
		AF277B482269E6190019804C /* Sources */ = {
			isa = PBXSourcesBuildPhase;
			buildActionMask = 2147483647;
			files = (
				AF277B4F2269E6190019804C /* Sage9to5Tests.swift in Sources */,
				AF277B572269E9C10019804C /* sage9to5Spec.swift in Sources */,
			);
			runOnlyForDeploymentPostprocessing = 0;
		};
/* End PBXSourcesBuildPhase section */

/* Begin PBXTargetDependency section */
		AF277B522269E6190019804C /* PBXTargetDependency */ = {
			isa = PBXTargetDependency;
			target = AF0A0732226910CE0080316E /* sage9to5 */;
			targetProxy = AF277B512269E6190019804C /* PBXContainerItemProxy */;
		};
/* End PBXTargetDependency section */

/* Begin PBXVariantGroup section */
		AF0A073A226910CE0080316E /* Main.storyboard */ = {
			isa = PBXVariantGroup;
			children = (
				AF0A073B226910CE0080316E /* Base */,
				AFD2C877226914E900DD2E3B /* de */,
			);
			name = Main.storyboard;
			sourceTree = "<group>";
		};
		AF0A073F226910CE0080316E /* LaunchScreen.storyboard */ = {
			isa = PBXVariantGroup;
			children = (
				AF0A0740226910CE0080316E /* Base */,
			);
			name = LaunchScreen.storyboard;
			sourceTree = "<group>";
		};
/* End PBXVariantGroup section */

/* Begin XCBuildConfiguration section */
		AF0A0743226910CE0080316E /* Debug */ = {
			isa = XCBuildConfiguration;
			buildSettings = {
				ALWAYS_SEARCH_USER_PATHS = NO;
				CLANG_ANALYZER_LOCALIZABILITY_NONLOCALIZED = YES;
				CLANG_ANALYZER_NONNULL = YES;
				CLANG_ANALYZER_NUMBER_OBJECT_CONVERSION = YES_AGGRESSIVE;
				CLANG_CXX_LANGUAGE_STANDARD = "gnu++14";
				CLANG_CXX_LIBRARY = "libc++";
				CLANG_ENABLE_MODULES = YES;
				CLANG_ENABLE_OBJC_ARC = YES;
				CLANG_ENABLE_OBJC_WEAK = YES;
				CLANG_WARN_BLOCK_CAPTURE_AUTORELEASING = YES;
				CLANG_WARN_BOOL_CONVERSION = YES;
				CLANG_WARN_COMMA = YES;
				CLANG_WARN_CONSTANT_CONVERSION = YES;
				CLANG_WARN_DEPRECATED_OBJC_IMPLEMENTATIONS = YES;
				CLANG_WARN_DIRECT_OBJC_ISA_USAGE = YES_ERROR;
				CLANG_WARN_DOCUMENTATION_COMMENTS = YES;
				CLANG_WARN_EMPTY_BODY = YES;
				CLANG_WARN_ENUM_CONVERSION = YES;
				CLANG_WARN_INFINITE_RECURSION = YES;
				CLANG_WARN_INT_CONVERSION = YES;
				CLANG_WARN_NON_LITERAL_NULL_CONVERSION = YES;
				CLANG_WARN_OBJC_IMPLICIT_RETAIN_SELF = YES;
				CLANG_WARN_OBJC_LITERAL_CONVERSION = YES;
				CLANG_WARN_OBJC_ROOT_CLASS = YES_ERROR;
				CLANG_WARN_QUOTED_INCLUDE_IN_FRAMEWORK_HEADER = YES;
				CLANG_WARN_RANGE_LOOP_ANALYSIS = YES;
				CLANG_WARN_STRICT_PROTOTYPES = YES;
				CLANG_WARN_SUSPICIOUS_MOVE = YES;
				CLANG_WARN_UNGUARDED_AVAILABILITY = YES_AGGRESSIVE;
				CLANG_WARN_UNREACHABLE_CODE = YES;
				CLANG_WARN__DUPLICATE_METHOD_MATCH = YES;
				CODE_SIGN_IDENTITY = "iPhone Developer";
				COPY_PHASE_STRIP = NO;
				DEBUG_INFORMATION_FORMAT = dwarf;
				ENABLE_STRICT_OBJC_MSGSEND = YES;
				ENABLE_TESTABILITY = YES;
				GCC_C_LANGUAGE_STANDARD = gnu11;
				GCC_DYNAMIC_NO_PIC = NO;
				GCC_NO_COMMON_BLOCKS = YES;
				GCC_OPTIMIZATION_LEVEL = 0;
				GCC_PREPROCESSOR_DEFINITIONS = (
					"DEBUG=1",
					"$(inherited)",
				);
				GCC_WARN_64_TO_32_BIT_CONVERSION = YES;
				GCC_WARN_ABOUT_RETURN_TYPE = YES_ERROR;
				GCC_WARN_UNDECLARED_SELECTOR = YES;
				GCC_WARN_UNINITIALIZED_AUTOS = YES_AGGRESSIVE;
				GCC_WARN_UNUSED_FUNCTION = YES;
				GCC_WARN_UNUSED_VARIABLE = YES;
				IPHONEOS_DEPLOYMENT_TARGET = 12.2;
				MTL_ENABLE_DEBUG_INFO = INCLUDE_SOURCE;
				MTL_FAST_MATH = YES;
				ONLY_ACTIVE_ARCH = YES;
				SDKROOT = iphoneos;
				SWIFT_ACTIVE_COMPILATION_CONDITIONS = DEBUG;
				SWIFT_OPTIMIZATION_LEVEL = "-Onone";
			};
			name = Debug;
		};
		AF0A0744226910CE0080316E /* Release */ = {
			isa = XCBuildConfiguration;
			buildSettings = {
				ALWAYS_SEARCH_USER_PATHS = NO;
				CLANG_ANALYZER_LOCALIZABILITY_NONLOCALIZED = YES;
				CLANG_ANALYZER_NONNULL = YES;
				CLANG_ANALYZER_NUMBER_OBJECT_CONVERSION = YES_AGGRESSIVE;
				CLANG_CXX_LANGUAGE_STANDARD = "gnu++14";
				CLANG_CXX_LIBRARY = "libc++";
				CLANG_ENABLE_MODULES = YES;
				CLANG_ENABLE_OBJC_ARC = YES;
				CLANG_ENABLE_OBJC_WEAK = YES;
				CLANG_WARN_BLOCK_CAPTURE_AUTORELEASING = YES;
				CLANG_WARN_BOOL_CONVERSION = YES;
				CLANG_WARN_COMMA = YES;
				CLANG_WARN_CONSTANT_CONVERSION = YES;
				CLANG_WARN_DEPRECATED_OBJC_IMPLEMENTATIONS = YES;
				CLANG_WARN_DIRECT_OBJC_ISA_USAGE = YES_ERROR;
				CLANG_WARN_DOCUMENTATION_COMMENTS = YES;
				CLANG_WARN_EMPTY_BODY = YES;
				CLANG_WARN_ENUM_CONVERSION = YES;
				CLANG_WARN_INFINITE_RECURSION = YES;
				CLANG_WARN_INT_CONVERSION = YES;
				CLANG_WARN_NON_LITERAL_NULL_CONVERSION = YES;
				CLANG_WARN_OBJC_IMPLICIT_RETAIN_SELF = YES;
				CLANG_WARN_OBJC_LITERAL_CONVERSION = YES;
				CLANG_WARN_OBJC_ROOT_CLASS = YES_ERROR;
				CLANG_WARN_QUOTED_INCLUDE_IN_FRAMEWORK_HEADER = YES;
				CLANG_WARN_RANGE_LOOP_ANALYSIS = YES;
				CLANG_WARN_STRICT_PROTOTYPES = YES;
				CLANG_WARN_SUSPICIOUS_MOVE = YES;
				CLANG_WARN_UNGUARDED_AVAILABILITY = YES_AGGRESSIVE;
				CLANG_WARN_UNREACHABLE_CODE = YES;
				CLANG_WARN__DUPLICATE_METHOD_MATCH = YES;
				CODE_SIGN_IDENTITY = "iPhone Developer";
				COPY_PHASE_STRIP = NO;
				DEBUG_INFORMATION_FORMAT = "dwarf-with-dsym";
				ENABLE_NS_ASSERTIONS = NO;
				ENABLE_STRICT_OBJC_MSGSEND = YES;
				GCC_C_LANGUAGE_STANDARD = gnu11;
				GCC_NO_COMMON_BLOCKS = YES;
				GCC_WARN_64_TO_32_BIT_CONVERSION = YES;
				GCC_WARN_ABOUT_RETURN_TYPE = YES_ERROR;
				GCC_WARN_UNDECLARED_SELECTOR = YES;
				GCC_WARN_UNINITIALIZED_AUTOS = YES_AGGRESSIVE;
				GCC_WARN_UNUSED_FUNCTION = YES;
				GCC_WARN_UNUSED_VARIABLE = YES;
				IPHONEOS_DEPLOYMENT_TARGET = 12.2;
				MTL_ENABLE_DEBUG_INFO = NO;
				MTL_FAST_MATH = YES;
				SDKROOT = iphoneos;
				SWIFT_COMPILATION_MODE = wholemodule;
				SWIFT_OPTIMIZATION_LEVEL = "-O";
				VALIDATE_PRODUCT = YES;
			};
			name = Release;
		};
		AF0A0746226910CE0080316E /* Debug */ = {
			isa = XCBuildConfiguration;
			baseConfigurationReference = FF898F8D8FDC5EF9F161A289 /* Pods-sage9to5.debug.xcconfig */;
			buildSettings = {
				ASSETCATALOG_COMPILER_APPICON_NAME = AppIcon;
				CODE_SIGN_IDENTITY = "Apple Development";
				CODE_SIGN_STYLE = Automatic;
				CURRENT_PROJECT_VERSION = 2;
				DEVELOPMENT_TEAM = 4V54299RUD;
				INFOPLIST_FILE = sage9to5/Info.plist;
				LD_RUNPATH_SEARCH_PATHS = (
					"$(inherited)",
					"@executable_path/Frameworks",
				);
				MARKETING_VERSION = 0.1.0;
				PRODUCT_BUNDLE_IDENTIFIER = com.fidor.solutions.intern.sage9to5;
				PRODUCT_NAME = "Sage 9to5";
				PROVISIONING_PROFILE_SPECIFIER = "";
				SWIFT_VERSION = 5.0;
				TARGETED_DEVICE_FAMILY = 1;
			};
			name = Debug;
		};
		AF0A0747226910CE0080316E /* Release */ = {
			isa = XCBuildConfiguration;
			baseConfigurationReference = 865880A652BCD9E83D1BAACC /* Pods-sage9to5.release.xcconfig */;
			buildSettings = {
				ASSETCATALOG_COMPILER_APPICON_NAME = AppIcon;
				CODE_SIGN_IDENTITY = "Apple Development";
				CODE_SIGN_STYLE = Automatic;
				CURRENT_PROJECT_VERSION = 2;
				DEVELOPMENT_TEAM = 4V54299RUD;
				INFOPLIST_FILE = sage9to5/Info.plist;
				LD_RUNPATH_SEARCH_PATHS = (
					"$(inherited)",
					"@executable_path/Frameworks",
				);
				MARKETING_VERSION = 0.1.0;
				PRODUCT_BUNDLE_IDENTIFIER = com.fidor.solutions.intern.sage9to5;
				PRODUCT_NAME = "Sage 9to5";
				PROVISIONING_PROFILE_SPECIFIER = "";
				SWIFT_VERSION = 5.0;
				TARGETED_DEVICE_FAMILY = 1;
			};
			name = Release;
		};
		AF277B542269E6190019804C /* Debug */ = {
			isa = XCBuildConfiguration;
			baseConfigurationReference = 6F8DF72A2F0C4C4229A86AF5 /* Pods-sage9to5-sage9to5Tests.debug.xcconfig */;
			buildSettings = {
				BUNDLE_LOADER = "$(TEST_HOST)";
				CODE_SIGN_STYLE = Automatic;
				DEVELOPMENT_TEAM = 4V54299RUD;
				INFOPLIST_FILE = sage9to5Tests/Info.plist;
				LD_RUNPATH_SEARCH_PATHS = (
					"$(inherited)",
					"@executable_path/Frameworks",
					"@loader_path/Frameworks",
				);
				PRODUCT_BUNDLE_IDENTIFIER = com.solutions.sage9to5Tests;
				PRODUCT_NAME = "$(TARGET_NAME)";
				SWIFT_VERSION = 5.0;
				TARGETED_DEVICE_FAMILY = "1,2";
				TEST_HOST = "$(BUILT_PRODUCTS_DIR)/sage9to5.app/sage9to5";
			};
			name = Debug;
		};
		AF277B552269E6190019804C /* Release */ = {
			isa = XCBuildConfiguration;
			baseConfigurationReference = ED6277D1F2E0D833C465B883 /* Pods-sage9to5-sage9to5Tests.release.xcconfig */;
			buildSettings = {
				BUNDLE_LOADER = "$(TEST_HOST)";
				CODE_SIGN_STYLE = Automatic;
				DEVELOPMENT_TEAM = 4V54299RUD;
				INFOPLIST_FILE = sage9to5Tests/Info.plist;
				LD_RUNPATH_SEARCH_PATHS = (
					"$(inherited)",
					"@executable_path/Frameworks",
					"@loader_path/Frameworks",
				);
				PRODUCT_BUNDLE_IDENTIFIER = com.solutions.sage9to5Tests;
				PRODUCT_NAME = "$(TARGET_NAME)";
				SWIFT_VERSION = 5.0;
				TARGETED_DEVICE_FAMILY = "1,2";
				TEST_HOST = "$(BUILT_PRODUCTS_DIR)/sage9to5.app/sage9to5";
			};
			name = Release;
		};
/* End XCBuildConfiguration section */

/* Begin XCConfigurationList section */
		AF0A072E226910CE0080316E /* Build configuration list for PBXProject "sage9to5" */ = {
			isa = XCConfigurationList;
			buildConfigurations = (
				AF0A0743226910CE0080316E /* Debug */,
				AF0A0744226910CE0080316E /* Release */,
			);
			defaultConfigurationIsVisible = 0;
			defaultConfigurationName = Release;
		};
		AF0A0745226910CE0080316E /* Build configuration list for PBXNativeTarget "sage9to5" */ = {
			isa = XCConfigurationList;
			buildConfigurations = (
				AF0A0746226910CE0080316E /* Debug */,
				AF0A0747226910CE0080316E /* Release */,
			);
			defaultConfigurationIsVisible = 0;
			defaultConfigurationName = Release;
		};
		AF277B532269E6190019804C /* Build configuration list for PBXNativeTarget "sage9to5Tests" */ = {
			isa = XCConfigurationList;
			buildConfigurations = (
				AF277B542269E6190019804C /* Debug */,
				AF277B552269E6190019804C /* Release */,
			);
			defaultConfigurationIsVisible = 0;
			defaultConfigurationName = Release;
		};
/* End XCConfigurationList section */
	};
	rootObject = AF0A072B226910CE0080316E /* Project object */;
}
